// !$*UTF8*$!
{
	archiveVersion = 1;
	classes = {
	};
	objectVersion = 56;
	objects = {

/* Begin PBXBuildFile section */
		321C6C552A7C0ADE00517F17 /* Localizable.strings in Resources */ = {isa = PBXBuildFile; fileRef = 321C6C542A7C0ADE00517F17 /* Localizable.strings */; };
		323082592A31032D006A3380 /* FileExplorerIPFSApp.swift in Sources */ = {isa = PBXBuildFile; fileRef = 323082582A31032D006A3380 /* FileExplorerIPFSApp.swift */; };
		3230825B2A31032D006A3380 /* ContentView.swift in Sources */ = {isa = PBXBuildFile; fileRef = 3230825A2A31032D006A3380 /* ContentView.swift */; };
		3230825D2A31032E006A3380 /* Assets.xcassets in Resources */ = {isa = PBXBuildFile; fileRef = 3230825C2A31032E006A3380 /* Assets.xcassets */; };
		323082602A31032E006A3380 /* Preview Assets.xcassets in Resources */ = {isa = PBXBuildFile; fileRef = 3230825F2A31032E006A3380 /* Preview Assets.xcassets */; };
		3230826E2A31037E006A3380 /* UniformTypeIdentifiers.framework in Frameworks */ = {isa = PBXBuildFile; fileRef = 3230826D2A31037E006A3380 /* UniformTypeIdentifiers.framework */; };
		323082712A31037E006A3380 /* FileProviderExtension.swift in Sources */ = {isa = PBXBuildFile; fileRef = 323082702A31037E006A3380 /* FileProviderExtension.swift */; };
		323082732A31037E006A3380 /* Item.swift in Sources */ = {isa = PBXBuildFile; fileRef = 323082722A31037E006A3380 /* Item.swift */; };
		323082752A31037E006A3380 /* FileProviderEnumerator.swift in Sources */ = {isa = PBXBuildFile; fileRef = 323082742A31037E006A3380 /* FileProviderEnumerator.swift */; };
		3230827A2A31037E006A3380 /* Extention.appex in Embed Foundation Extensions */ = {isa = PBXBuildFile; fileRef = 3230826B2A31037E006A3380 /* Extention.appex */; settings = {ATTRIBUTES = (RemoveHeadersOnCopy, ); }; };
		323082802A3103CB006A3380 /* FileConnection.swift in Sources */ = {isa = PBXBuildFile; fileRef = 3230827F2A3103CB006A3380 /* FileConnection.swift */; };
		3256A4052A5FCA86006A0586 /* FileChunker.swift in Sources */ = {isa = PBXBuildFile; fileRef = 3256A4042A5FCA86006A0586 /* FileChunker.swift */; };
		3256A4072A5FF8BB006A0586 /* Reader.swift in Sources */ = {isa = PBXBuildFile; fileRef = 3256A4062A5FF8BB006A0586 /* Reader.swift */; };
		329B29B32A52C39A00674A2F /* Defaults.swift in Sources */ = {isa = PBXBuildFile; fileRef = 329B29B22A52C39A00674A2F /* Defaults.swift */; };
		329B99CF2A7B949000712030 /* Media.xcassets in Resources */ = {isa = PBXBuildFile; fileRef = 329B99CD2A7B949000712030 /* Media.xcassets */; };
		32B2C7362A3C40A8003AD7BA /* ipfs-api in Frameworks */ = {isa = PBXBuildFile; productRef = 32B2C7352A3C40A8003AD7BA /* ipfs-api */; };
		32B2C7382A3C41A1003AD7BA /* ipfs-api in Frameworks */ = {isa = PBXBuildFile; productRef = 32B2C7372A3C41A1003AD7BA /* ipfs-api */; };
		32B2F0712A67DE3C0060F1EA /* FileProviderExtention+Support.swift in Sources */ = {isa = PBXBuildFile; fileRef = 32B2F0702A67DE3C0060F1EA /* FileProviderExtention+Support.swift */; };
		32B2F0792A6A5DF90060F1EA /* FileExplorerIPFSTests.swift in Sources */ = {isa = PBXBuildFile; fileRef = 32B2F0782A6A5DF90060F1EA /* FileExplorerIPFSTests.swift */; };
		32E674612A6ECE8000F782C2 /* PathOperations.swift in Sources */ = {isa = PBXBuildFile; fileRef = 32E6745F2A6ECE8000F782C2 /* PathOperations.swift */; };
		32E674642A6FA4C000F782C2 /* Errors.swift in Sources */ = {isa = PBXBuildFile; fileRef = 32E674622A6FA4C000F782C2 /* Errors.swift */; };
		32FBB4702A72EB4600504A58 /* Shell.swift in Sources */ = {isa = PBXBuildFile; fileRef = 32FBB46F2A72EB4600504A58 /* Shell.swift */; };
/* End PBXBuildFile section */

/* Begin PBXContainerItemProxy section */
		323082782A31037E006A3380 /* PBXContainerItemProxy */ = {
			isa = PBXContainerItemProxy;
			containerPortal = 3230824D2A31032D006A3380 /* Project object */;
			proxyType = 1;
			remoteGlobalIDString = 3230826A2A31037E006A3380;
			remoteInfo = Extention;
		};
		32B2F07A2A6A5DF90060F1EA /* PBXContainerItemProxy */ = {
			isa = PBXContainerItemProxy;
			containerPortal = 3230824D2A31032D006A3380 /* Project object */;
			proxyType = 1;
			remoteGlobalIDString = 323082542A31032D006A3380;
			remoteInfo = FileExplorerIPFS;
		};
/* End PBXContainerItemProxy section */

/* Begin PBXCopyFilesBuildPhase section */
		3230827E2A31037E006A3380 /* Embed Foundation Extensions */ = {
			isa = PBXCopyFilesBuildPhase;
			buildActionMask = 2147483647;
			dstPath = "";
			dstSubfolderSpec = 13;
			files = (
				3230827A2A31037E006A3380 /* Extention.appex in Embed Foundation Extensions */,
			);
			name = "Embed Foundation Extensions";
			runOnlyForDeploymentPostprocessing = 0;
		};
		3256A4012A5EAD98006A0586 /* Embed Frameworks */ = {
			isa = PBXCopyFilesBuildPhase;
			buildActionMask = 2147483647;
			dstPath = "";
			dstSubfolderSpec = 10;
			files = (
			);
			name = "Embed Frameworks";
			runOnlyForDeploymentPostprocessing = 0;
		};
/* End PBXCopyFilesBuildPhase section */

/* Begin PBXFileReference section */
		321C6C542A7C0ADE00517F17 /* Localizable.strings */ = {isa = PBXFileReference; lastKnownFileType = text.plist.strings; path = Localizable.strings; sourceTree = "<group>"; };
		323082552A31032D006A3380 /* Cydrive.app */ = {isa = PBXFileReference; explicitFileType = wrapper.application; includeInIndex = 0; path = Cydrive.app; sourceTree = BUILT_PRODUCTS_DIR; };
		323082582A31032D006A3380 /* FileExplorerIPFSApp.swift */ = {isa = PBXFileReference; lastKnownFileType = sourcecode.swift; path = FileExplorerIPFSApp.swift; sourceTree = "<group>"; };
		3230825A2A31032D006A3380 /* ContentView.swift */ = {isa = PBXFileReference; lastKnownFileType = sourcecode.swift; path = ContentView.swift; sourceTree = "<group>"; };
		3230825C2A31032E006A3380 /* Assets.xcassets */ = {isa = PBXFileReference; lastKnownFileType = folder.assetcatalog; path = Assets.xcassets; sourceTree = "<group>"; };
		3230825F2A31032E006A3380 /* Preview Assets.xcassets */ = {isa = PBXFileReference; lastKnownFileType = folder.assetcatalog; path = "Preview Assets.xcassets"; sourceTree = "<group>"; };
		323082612A31032E006A3380 /* FileExplorerIPFS.entitlements */ = {isa = PBXFileReference; lastKnownFileType = text.plist.entitlements; path = FileExplorerIPFS.entitlements; sourceTree = "<group>"; };
		3230826B2A31037E006A3380 /* Extention.appex */ = {isa = PBXFileReference; explicitFileType = "wrapper.app-extension"; includeInIndex = 0; path = Extention.appex; sourceTree = BUILT_PRODUCTS_DIR; };
		3230826D2A31037E006A3380 /* UniformTypeIdentifiers.framework */ = {isa = PBXFileReference; lastKnownFileType = wrapper.framework; name = UniformTypeIdentifiers.framework; path = System/Library/Frameworks/UniformTypeIdentifiers.framework; sourceTree = SDKROOT; };
		323082702A31037E006A3380 /* FileProviderExtension.swift */ = {isa = PBXFileReference; lastKnownFileType = sourcecode.swift; path = FileProviderExtension.swift; sourceTree = "<group>"; };
		323082722A31037E006A3380 /* Item.swift */ = {isa = PBXFileReference; lastKnownFileType = sourcecode.swift; path = Item.swift; sourceTree = "<group>"; };
		323082742A31037E006A3380 /* FileProviderEnumerator.swift */ = {isa = PBXFileReference; lastKnownFileType = sourcecode.swift; path = FileProviderEnumerator.swift; sourceTree = "<group>"; };
		323082762A31037E006A3380 /* Info.plist */ = {isa = PBXFileReference; lastKnownFileType = text.plist.xml; path = Info.plist; sourceTree = "<group>"; };
		323082772A31037E006A3380 /* Extention.entitlements */ = {isa = PBXFileReference; lastKnownFileType = text.plist.entitlements; path = Extention.entitlements; sourceTree = "<group>"; };
		3230827F2A3103CB006A3380 /* FileConnection.swift */ = {isa = PBXFileReference; lastKnownFileType = sourcecode.swift; path = FileConnection.swift; sourceTree = "<group>"; };
		3256A4042A5FCA86006A0586 /* FileChunker.swift */ = {isa = PBXFileReference; lastKnownFileType = sourcecode.swift; path = FileChunker.swift; sourceTree = "<group>"; };
		3256A4062A5FF8BB006A0586 /* Reader.swift */ = {isa = PBXFileReference; lastKnownFileType = sourcecode.swift; path = Reader.swift; sourceTree = "<group>"; };
		329B29B22A52C39A00674A2F /* Defaults.swift */ = {isa = PBXFileReference; lastKnownFileType = sourcecode.swift; path = Defaults.swift; sourceTree = "<group>"; };
		329B99CD2A7B949000712030 /* Media.xcassets */ = {isa = PBXFileReference; lastKnownFileType = folder.assetcatalog; path = Media.xcassets; sourceTree = "<group>"; };
		32B2C7342A3C2C65003AD7BA /* ipfs-api */ = {isa = PBXFileReference; lastKnownFileType = wrapper; name = "ipfs-api"; path = "../ipfs-api"; sourceTree = "<group>"; };
		32B2C7392A3C756A003AD7BA /* ExtentionDebug.entitlements */ = {isa = PBXFileReference; lastKnownFileType = text.plist.entitlements; path = ExtentionDebug.entitlements; sourceTree = "<group>"; };
		32B2F0702A67DE3C0060F1EA /* FileProviderExtention+Support.swift */ = {isa = PBXFileReference; lastKnownFileType = sourcecode.swift; path = "FileProviderExtention+Support.swift"; sourceTree = "<group>"; };
		32B2F0762A6A5DF90060F1EA /* CydriveTests.xctest */ = {isa = PBXFileReference; explicitFileType = wrapper.cfbundle; includeInIndex = 0; path = CydriveTests.xctest; sourceTree = BUILT_PRODUCTS_DIR; };
		32B2F0782A6A5DF90060F1EA /* FileExplorerIPFSTests.swift */ = {isa = PBXFileReference; lastKnownFileType = sourcecode.swift; path = FileExplorerIPFSTests.swift; sourceTree = "<group>"; };
		32E6745F2A6ECE8000F782C2 /* PathOperations.swift */ = {isa = PBXFileReference; lastKnownFileType = sourcecode.swift; path = PathOperations.swift; sourceTree = "<group>"; };
		32E674622A6FA4C000F782C2 /* Errors.swift */ = {isa = PBXFileReference; lastKnownFileType = sourcecode.swift; path = Errors.swift; sourceTree = "<group>"; };
		32FBB46F2A72EB4600504A58 /* Shell.swift */ = {isa = PBXFileReference; lastKnownFileType = sourcecode.swift; path = Shell.swift; sourceTree = "<group>"; };
/* End PBXFileReference section */

/* Begin PBXFrameworksBuildPhase section */
		323082522A31032D006A3380 /* Frameworks */ = {
			isa = PBXFrameworksBuildPhase;
			buildActionMask = 2147483647;
			files = (
				32B2C7362A3C40A8003AD7BA /* ipfs-api in Frameworks */,
			);
			runOnlyForDeploymentPostprocessing = 0;
		};
		323082682A31037E006A3380 /* Frameworks */ = {
			isa = PBXFrameworksBuildPhase;
			buildActionMask = 2147483647;
			files = (
				3230826E2A31037E006A3380 /* UniformTypeIdentifiers.framework in Frameworks */,
				32B2C7382A3C41A1003AD7BA /* ipfs-api in Frameworks */,
			);
			runOnlyForDeploymentPostprocessing = 0;
		};
		32B2F0732A6A5DF90060F1EA /* Frameworks */ = {
			isa = PBXFrameworksBuildPhase;
			buildActionMask = 2147483647;
			files = (
			);
			runOnlyForDeploymentPostprocessing = 0;
		};
/* End PBXFrameworksBuildPhase section */

/* Begin PBXGroup section */
		3230824C2A31032D006A3380 = {
			isa = PBXGroup;
			children = (
				32B2C7342A3C2C65003AD7BA /* ipfs-api */,
				323082572A31032D006A3380 /* FileExplorerIPFS */,
				3230826F2A31037E006A3380 /* Extention */,
				32B2F0772A6A5DF90060F1EA /* FileExplorerIPFSTests */,
				3230826C2A31037E006A3380 /* Frameworks */,
				323082562A31032D006A3380 /* Products */,
			);
			sourceTree = "<group>";
		};
		323082562A31032D006A3380 /* Products */ = {
			isa = PBXGroup;
			children = (
				323082552A31032D006A3380 /* Cydrive.app */,
				3230826B2A31037E006A3380 /* Extention.appex */,
				32B2F0762A6A5DF90060F1EA /* CydriveTests.xctest */,
			);
			name = Products;
			sourceTree = "<group>";
		};
		323082572A31032D006A3380 /* FileExplorerIPFS */ = {
			isa = PBXGroup;
			children = (
				323082582A31032D006A3380 /* FileExplorerIPFSApp.swift */,
				3230825A2A31032D006A3380 /* ContentView.swift */,
				3230825C2A31032E006A3380 /* Assets.xcassets */,
				323082612A31032E006A3380 /* FileExplorerIPFS.entitlements */,
				3230825E2A31032E006A3380 /* Preview Content */,
				3230827F2A3103CB006A3380 /* FileConnection.swift */,
				32FBB46F2A72EB4600504A58 /* Shell.swift */,
			);
			path = FileExplorerIPFS;
			sourceTree = "<group>";
		};
		3230825E2A31032E006A3380 /* Preview Content */ = {
			isa = PBXGroup;
			children = (
				3230825F2A31032E006A3380 /* Preview Assets.xcassets */,
			);
			path = "Preview Content";
			sourceTree = "<group>";
		};
		3230826C2A31037E006A3380 /* Frameworks */ = {
			isa = PBXGroup;
			children = (
				3230826D2A31037E006A3380 /* UniformTypeIdentifiers.framework */,
			);
			name = Frameworks;
			sourceTree = "<group>";
		};
		3230826F2A31037E006A3380 /* Extention */ = {
			isa = PBXGroup;
			children = (
				32B2C7392A3C756A003AD7BA /* ExtentionDebug.entitlements */,
				323082702A31037E006A3380 /* FileProviderExtension.swift */,
				323082722A31037E006A3380 /* Item.swift */,
				323082742A31037E006A3380 /* FileProviderEnumerator.swift */,
				323082762A31037E006A3380 /* Info.plist */,
				323082772A31037E006A3380 /* Extention.entitlements */,
				329B29B22A52C39A00674A2F /* Defaults.swift */,
				3256A4042A5FCA86006A0586 /* FileChunker.swift */,
				3256A4062A5FF8BB006A0586 /* Reader.swift */,
				32B2F0702A67DE3C0060F1EA /* FileProviderExtention+Support.swift */,
				32E6745F2A6ECE8000F782C2 /* PathOperations.swift */,
				32E674622A6FA4C000F782C2 /* Errors.swift */,
				329B99CD2A7B949000712030 /* Media.xcassets */,
				321C6C542A7C0ADE00517F17 /* Localizable.strings */,
			);
			path = Extention;
			sourceTree = "<group>";
		};
		32B2F0772A6A5DF90060F1EA /* FileExplorerIPFSTests */ = {
			isa = PBXGroup;
			children = (
				32B2F0782A6A5DF90060F1EA /* FileExplorerIPFSTests.swift */,
			);
			path = FileExplorerIPFSTests;
			sourceTree = "<group>";
		};
/* End PBXGroup section */

/* Begin PBXNativeTarget section */
		323082542A31032D006A3380 /* Cydrive */ = {
			isa = PBXNativeTarget;
			buildConfigurationList = 323082642A31032E006A3380 /* Build configuration list for PBXNativeTarget "Cydrive" */;
			buildPhases = (
				323082512A31032D006A3380 /* Sources */,
				323082522A31032D006A3380 /* Frameworks */,
				323082532A31032D006A3380 /* Resources */,
				3230827E2A31037E006A3380 /* Embed Foundation Extensions */,
				3256A4012A5EAD98006A0586 /* Embed Frameworks */,
			);
			buildRules = (
			);
			dependencies = (
				323082792A31037E006A3380 /* PBXTargetDependency */,
			);
			name = Cydrive;
			packageProductDependencies = (
				32B2C7352A3C40A8003AD7BA /* ipfs-api */,
			);
			productName = FileExplorerIPFS;
			productReference = 323082552A31032D006A3380 /* Cydrive.app */;
			productType = "com.apple.product-type.application";
		};
		3230826A2A31037E006A3380 /* Extention */ = {
			isa = PBXNativeTarget;
			buildConfigurationList = 3230827B2A31037E006A3380 /* Build configuration list for PBXNativeTarget "Extention" */;
			buildPhases = (
				323082672A31037E006A3380 /* Sources */,
				323082682A31037E006A3380 /* Frameworks */,
				323082692A31037E006A3380 /* Resources */,
			);
			buildRules = (
			);
			dependencies = (
			);
			name = Extention;
			packageProductDependencies = (
				32B2C7372A3C41A1003AD7BA /* ipfs-api */,
			);
			productName = Extention;
			productReference = 3230826B2A31037E006A3380 /* Extention.appex */;
			productType = "com.apple.product-type.app-extension";
		};
		32B2F0752A6A5DF90060F1EA /* CydriveTests */ = {
			isa = PBXNativeTarget;
			buildConfigurationList = 32B2F07C2A6A5DF90060F1EA /* Build configuration list for PBXNativeTarget "CydriveTests" */;
			buildPhases = (
				32B2F0722A6A5DF90060F1EA /* Sources */,
				32B2F0732A6A5DF90060F1EA /* Frameworks */,
				32B2F0742A6A5DF90060F1EA /* Resources */,
			);
			buildRules = (
			);
			dependencies = (
				32B2F07B2A6A5DF90060F1EA /* PBXTargetDependency */,
			);
			name = CydriveTests;
			productName = FileExplorerIPFSTests;
			productReference = 32B2F0762A6A5DF90060F1EA /* CydriveTests.xctest */;
			productType = "com.apple.product-type.bundle.unit-test";
		};
/* End PBXNativeTarget section */

/* Begin PBXProject section */
		3230824D2A31032D006A3380 /* Project object */ = {
			isa = PBXProject;
			attributes = {
				BuildIndependentTargetsInParallel = 1;
				LastSwiftUpdateCheck = 1430;
				LastUpgradeCheck = 1430;
				TargetAttributes = {
					323082542A31032D006A3380 = {
						CreatedOnToolsVersion = 14.3.1;
					};
					3230826A2A31037E006A3380 = {
						CreatedOnToolsVersion = 14.3.1;
						LastSwiftMigration = 1430;
					};
					32B2F0752A6A5DF90060F1EA = {
						CreatedOnToolsVersion = 14.3.1;
						TestTargetID = 323082542A31032D006A3380;
					};
				};
			};
			buildConfigurationList = 323082502A31032D006A3380 /* Build configuration list for PBXProject "Cydrive" */;
			compatibilityVersion = "Xcode 14.0";
			developmentRegion = en;
			hasScannedForEncodings = 0;
			knownRegions = (
				en,
				Base,
			);
			mainGroup = 3230824C2A31032D006A3380;
			productRefGroup = 323082562A31032D006A3380 /* Products */;
			projectDirPath = "";
			projectRoot = "";
			targets = (
				323082542A31032D006A3380 /* Cydrive */,
				3230826A2A31037E006A3380 /* Extention */,
				32B2F0752A6A5DF90060F1EA /* CydriveTests */,
			);
		};
/* End PBXProject section */

/* Begin PBXResourcesBuildPhase section */
		323082532A31032D006A3380 /* Resources */ = {
			isa = PBXResourcesBuildPhase;
			buildActionMask = 2147483647;
			files = (
				323082602A31032E006A3380 /* Preview Assets.xcassets in Resources */,
				3230825D2A31032E006A3380 /* Assets.xcassets in Resources */,
			);
			runOnlyForDeploymentPostprocessing = 0;
		};
		323082692A31037E006A3380 /* Resources */ = {
			isa = PBXResourcesBuildPhase;
			buildActionMask = 2147483647;
			files = (
				329B99CF2A7B949000712030 /* Media.xcassets in Resources */,
				321C6C552A7C0ADE00517F17 /* Localizable.strings in Resources */,
			);
			runOnlyForDeploymentPostprocessing = 0;
		};
		32B2F0742A6A5DF90060F1EA /* Resources */ = {
			isa = PBXResourcesBuildPhase;
			buildActionMask = 2147483647;
			files = (
			);
			runOnlyForDeploymentPostprocessing = 0;
		};
/* End PBXResourcesBuildPhase section */

/* Begin PBXSourcesBuildPhase section */
		323082512A31032D006A3380 /* Sources */ = {
			isa = PBXSourcesBuildPhase;
			buildActionMask = 2147483647;
			files = (
				32FBB4702A72EB4600504A58 /* Shell.swift in Sources */,
				3230825B2A31032D006A3380 /* ContentView.swift in Sources */,
				323082802A3103CB006A3380 /* FileConnection.swift in Sources */,
				323082592A31032D006A3380 /* FileExplorerIPFSApp.swift in Sources */,
			);
			runOnlyForDeploymentPostprocessing = 0;
		};
		323082672A31037E006A3380 /* Sources */ = {
			isa = PBXSourcesBuildPhase;
			buildActionMask = 2147483647;
			files = (
				32E674612A6ECE8000F782C2 /* PathOperations.swift in Sources */,
				3256A4052A5FCA86006A0586 /* FileChunker.swift in Sources */,
				323082712A31037E006A3380 /* FileProviderExtension.swift in Sources */,
				3256A4072A5FF8BB006A0586 /* Reader.swift in Sources */,
				32B2F0712A67DE3C0060F1EA /* FileProviderExtention+Support.swift in Sources */,
				323082732A31037E006A3380 /* Item.swift in Sources */,
				329B29B32A52C39A00674A2F /* Defaults.swift in Sources */,
				32E674642A6FA4C000F782C2 /* Errors.swift in Sources */,
				323082752A31037E006A3380 /* FileProviderEnumerator.swift in Sources */,
			);
			runOnlyForDeploymentPostprocessing = 0;
		};
		32B2F0722A6A5DF90060F1EA /* Sources */ = {
			isa = PBXSourcesBuildPhase;
			buildActionMask = 2147483647;
			files = (
				32B2F0792A6A5DF90060F1EA /* FileExplorerIPFSTests.swift in Sources */,
			);
			runOnlyForDeploymentPostprocessing = 0;
		};
/* End PBXSourcesBuildPhase section */

/* Begin PBXTargetDependency section */
		323082792A31037E006A3380 /* PBXTargetDependency */ = {
			isa = PBXTargetDependency;
			target = 3230826A2A31037E006A3380 /* Extention */;
			targetProxy = 323082782A31037E006A3380 /* PBXContainerItemProxy */;
		};
		32B2F07B2A6A5DF90060F1EA /* PBXTargetDependency */ = {
			isa = PBXTargetDependency;
			target = 323082542A31032D006A3380 /* Cydrive */;
			targetProxy = 32B2F07A2A6A5DF90060F1EA /* PBXContainerItemProxy */;
		};
/* End PBXTargetDependency section */

/* Begin XCBuildConfiguration section */
		323082622A31032E006A3380 /* Debug */ = {
			isa = XCBuildConfiguration;
			buildSettings = {
				ALWAYS_SEARCH_USER_PATHS = NO;
				CLANG_ANALYZER_NONNULL = YES;
				CLANG_ANALYZER_NUMBER_OBJECT_CONVERSION = YES_AGGRESSIVE;
				CLANG_CXX_LANGUAGE_STANDARD = "gnu++20";
				CLANG_ENABLE_MODULES = YES;
				CLANG_ENABLE_OBJC_ARC = YES;
				CLANG_ENABLE_OBJC_WEAK = YES;
				CLANG_WARN_BLOCK_CAPTURE_AUTORELEASING = YES;
				CLANG_WARN_BOOL_CONVERSION = YES;
				CLANG_WARN_COMMA = YES;
				CLANG_WARN_CONSTANT_CONVERSION = YES;
				CLANG_WARN_DEPRECATED_OBJC_IMPLEMENTATIONS = YES;
				CLANG_WARN_DIRECT_OBJC_ISA_USAGE = YES_ERROR;
				CLANG_WARN_DOCUMENTATION_COMMENTS = YES;
				CLANG_WARN_EMPTY_BODY = YES;
				CLANG_WARN_ENUM_CONVERSION = YES;
				CLANG_WARN_INFINITE_RECURSION = YES;
				CLANG_WARN_INT_CONVERSION = YES;
				CLANG_WARN_NON_LITERAL_NULL_CONVERSION = YES;
				CLANG_WARN_OBJC_IMPLICIT_RETAIN_SELF = YES;
				CLANG_WARN_OBJC_LITERAL_CONVERSION = YES;
				CLANG_WARN_OBJC_ROOT_CLASS = YES_ERROR;
				CLANG_WARN_QUOTED_INCLUDE_IN_FRAMEWORK_HEADER = YES;
				CLANG_WARN_RANGE_LOOP_ANALYSIS = YES;
				CLANG_WARN_STRICT_PROTOTYPES = YES;
				CLANG_WARN_SUSPICIOUS_MOVE = YES;
				CLANG_WARN_UNGUARDED_AVAILABILITY = YES_AGGRESSIVE;
				CLANG_WARN_UNREACHABLE_CODE = YES;
				CLANG_WARN__DUPLICATE_METHOD_MATCH = YES;
				COPY_PHASE_STRIP = NO;
				DEBUG_INFORMATION_FORMAT = "dwarf-with-dsym";
				ENABLE_ON_DEMAND_RESOURCES = NO;
				ENABLE_STRICT_OBJC_MSGSEND = YES;
				ENABLE_TESTABILITY = YES;
				GCC_C_LANGUAGE_STANDARD = gnu11;
				GCC_DYNAMIC_NO_PIC = NO;
				GCC_NO_COMMON_BLOCKS = YES;
				GCC_OPTIMIZATION_LEVEL = 0;
				GCC_PREPROCESSOR_DEFINITIONS = (
					"DEBUG=1",
					"$(inherited)",
				);
				GCC_WARN_64_TO_32_BIT_CONVERSION = YES;
				GCC_WARN_ABOUT_RETURN_TYPE = YES_ERROR;
				GCC_WARN_UNDECLARED_SELECTOR = YES;
				GCC_WARN_UNINITIALIZED_AUTOS = YES_AGGRESSIVE;
				GCC_WARN_UNUSED_FUNCTION = YES;
				GCC_WARN_UNUSED_VARIABLE = YES;
				MACOSX_DEPLOYMENT_TARGET = 12.3;
				MTL_ENABLE_DEBUG_INFO = INCLUDE_SOURCE;
				MTL_FAST_MATH = YES;
				ONLY_ACTIVE_ARCH = YES;
				SDKROOT = macosx;
				SWIFT_ACTIVE_COMPILATION_CONDITIONS = DEBUG;
				SWIFT_COMPILATION_MODE = wholemodule;
				SWIFT_OPTIMIZATION_LEVEL = "-Onone";
				SWIFT_VERSION = "";
			};
			name = Debug;
		};
		323082632A31032E006A3380 /* Release */ = {
			isa = XCBuildConfiguration;
			buildSettings = {
				ALWAYS_SEARCH_USER_PATHS = NO;
				CLANG_ANALYZER_NONNULL = YES;
				CLANG_ANALYZER_NUMBER_OBJECT_CONVERSION = YES_AGGRESSIVE;
				CLANG_CXX_LANGUAGE_STANDARD = "gnu++20";
				CLANG_ENABLE_MODULES = YES;
				CLANG_ENABLE_OBJC_ARC = YES;
				CLANG_ENABLE_OBJC_WEAK = YES;
				CLANG_WARN_BLOCK_CAPTURE_AUTORELEASING = YES;
				CLANG_WARN_BOOL_CONVERSION = YES;
				CLANG_WARN_COMMA = YES;
				CLANG_WARN_CONSTANT_CONVERSION = YES;
				CLANG_WARN_DEPRECATED_OBJC_IMPLEMENTATIONS = YES;
				CLANG_WARN_DIRECT_OBJC_ISA_USAGE = YES_ERROR;
				CLANG_WARN_DOCUMENTATION_COMMENTS = YES;
				CLANG_WARN_EMPTY_BODY = YES;
				CLANG_WARN_ENUM_CONVERSION = YES;
				CLANG_WARN_INFINITE_RECURSION = YES;
				CLANG_WARN_INT_CONVERSION = YES;
				CLANG_WARN_NON_LITERAL_NULL_CONVERSION = YES;
				CLANG_WARN_OBJC_IMPLICIT_RETAIN_SELF = YES;
				CLANG_WARN_OBJC_LITERAL_CONVERSION = YES;
				CLANG_WARN_OBJC_ROOT_CLASS = YES_ERROR;
				CLANG_WARN_QUOTED_INCLUDE_IN_FRAMEWORK_HEADER = YES;
				CLANG_WARN_RANGE_LOOP_ANALYSIS = YES;
				CLANG_WARN_STRICT_PROTOTYPES = YES;
				CLANG_WARN_SUSPICIOUS_MOVE = YES;
				CLANG_WARN_UNGUARDED_AVAILABILITY = YES_AGGRESSIVE;
				CLANG_WARN_UNREACHABLE_CODE = YES;
				CLANG_WARN__DUPLICATE_METHOD_MATCH = YES;
				COPY_PHASE_STRIP = NO;
				DEBUG_INFORMATION_FORMAT = "dwarf-with-dsym";
				ENABLE_NS_ASSERTIONS = NO;
				ENABLE_ON_DEMAND_RESOURCES = NO;
				ENABLE_STRICT_OBJC_MSGSEND = YES;
				GCC_C_LANGUAGE_STANDARD = gnu11;
				GCC_NO_COMMON_BLOCKS = YES;
				GCC_WARN_64_TO_32_BIT_CONVERSION = YES;
				GCC_WARN_ABOUT_RETURN_TYPE = YES_ERROR;
				GCC_WARN_UNDECLARED_SELECTOR = YES;
				GCC_WARN_UNINITIALIZED_AUTOS = YES_AGGRESSIVE;
				GCC_WARN_UNUSED_FUNCTION = YES;
				GCC_WARN_UNUSED_VARIABLE = YES;
				MACOSX_DEPLOYMENT_TARGET = 12.3;
				MTL_ENABLE_DEBUG_INFO = NO;
				MTL_FAST_MATH = YES;
				ONLY_ACTIVE_ARCH = YES;
				SDKROOT = macosx;
				SWIFT_COMPILATION_MODE = wholemodule;
				SWIFT_OPTIMIZATION_LEVEL = "-O";
				SWIFT_VERSION = "";
			};
			name = Release;
		};
		323082652A31032E006A3380 /* Debug */ = {
			isa = XCBuildConfiguration;
			buildSettings = {
				ALWAYS_EMBED_SWIFT_STANDARD_LIBRARIES = YES;
				ASSETCATALOG_COMPILER_APPICON_NAME = AppIcon;
				ASSETCATALOG_COMPILER_GLOBAL_ACCENT_COLOR_NAME = AccentColor;
				ASSETCATALOG_COMPILER_INCLUDE_ALL_APPICON_ASSETS = NO;
				CODE_SIGN_ENTITLEMENTS = FileExplorerIPFS/FileExplorerIPFS.entitlements;
				CODE_SIGN_STYLE = Automatic;
				COMBINE_HIDPI_IMAGES = YES;
				CURRENT_PROJECT_VERSION = 1;
				DEVELOPMENT_ASSET_PATHS = "\"FileExplorerIPFS/Preview Content\"";
				DEVELOPMENT_TEAM = F48MGZ86Q2;
				ENABLE_HARDENED_RUNTIME = YES;
				ENABLE_PREVIEWS = YES;
				GENERATE_INFOPLIST_FILE = YES;
				INFOPLIST_KEY_NSHumanReadableCopyright = "";
				LD_RUNPATH_SEARCH_PATHS = (
					"$(inherited)",
					"@executable_path/../Frameworks",
				);
				MACOSX_DEPLOYMENT_TARGET = 11.3;
				MARKETING_VERSION = 1.0;
				PRODUCT_BUNDLE_IDENTIFIER = cylogic.FileExplorerIPFS;
				PRODUCT_NAME = "$(TARGET_NAME)";
				SWIFT_EMIT_LOC_STRINGS = YES;
				SWIFT_VERSION = 5.0;
			};
			name = Debug;
		};
		323082662A31032E006A3380 /* Release */ = {
			isa = XCBuildConfiguration;
			buildSettings = {
				ALWAYS_EMBED_SWIFT_STANDARD_LIBRARIES = YES;
				ASSETCATALOG_COMPILER_APPICON_NAME = AppIcon;
				ASSETCATALOG_COMPILER_GLOBAL_ACCENT_COLOR_NAME = AccentColor;
				ASSETCATALOG_COMPILER_INCLUDE_ALL_APPICON_ASSETS = NO;
				CODE_SIGN_ENTITLEMENTS = FileExplorerIPFS/FileExplorerIPFS.entitlements;
				CODE_SIGN_STYLE = Automatic;
				COMBINE_HIDPI_IMAGES = YES;
				CURRENT_PROJECT_VERSION = 1;
				DEVELOPMENT_ASSET_PATHS = "\"FileExplorerIPFS/Preview Content\"";
				DEVELOPMENT_TEAM = F48MGZ86Q2;
				ENABLE_HARDENED_RUNTIME = YES;
				ENABLE_PREVIEWS = YES;
				GENERATE_INFOPLIST_FILE = YES;
				INFOPLIST_KEY_NSHumanReadableCopyright = "";
				LD_RUNPATH_SEARCH_PATHS = (
					"$(inherited)",
					"@executable_path/../Frameworks",
				);
				MACOSX_DEPLOYMENT_TARGET = 11.3;
				MARKETING_VERSION = 1.0;
				PRODUCT_BUNDLE_IDENTIFIER = cylogic.FileExplorerIPFS;
				PRODUCT_NAME = "$(TARGET_NAME)";
				SWIFT_EMIT_LOC_STRINGS = YES;
				SWIFT_VERSION = 5.0;
			};
			name = Release;
		};
		3230827C2A31037E006A3380 /* Debug */ = {
			isa = XCBuildConfiguration;
			buildSettings = {
				ASSETCATALOG_COMPILER_APPICON_NAME = ProviderIcon;
				CLANG_ENABLE_MODULES = YES;
				CODE_SIGN_ENTITLEMENTS = Extention/ExtentionDebug.entitlements;
				CODE_SIGN_STYLE = Automatic;
				CURRENT_PROJECT_VERSION = 1;
				DEVELOPMENT_TEAM = F48MGZ86Q2;
				EMBED_ASSET_PACKS_IN_PRODUCT_BUNDLE = NO;
				ENABLE_HARDENED_RUNTIME = YES;
				GENERATE_INFOPLIST_FILE = YES;
				INFOPLIST_FILE = Extention/Info.plist;
				INFOPLIST_KEY_CFBundleDisplayName = "";
				INFOPLIST_KEY_NSHumanReadableCopyright = "";
				LD_RUNPATH_SEARCH_PATHS = (
					"$(inherited)",
					"@executable_path/../Frameworks",
					"@executable_path/../../../../Frameworks",
				);
				MARKETING_VERSION = 1.0;
				PRODUCT_BUNDLE_IDENTIFIER = cylogic.FileExplorerIPFS.Extention;
				PRODUCT_NAME = "$(TARGET_NAME)";
				SKIP_INSTALL = YES;
				SWIFT_EMIT_LOC_STRINGS = YES;
				SWIFT_OPTIMIZATION_LEVEL = "-Onone";
				SWIFT_VERSION = 5.0;
			};
			name = Debug;
		};
		3230827D2A31037E006A3380 /* Release */ = {
			isa = XCBuildConfiguration;
			buildSettings = {
				ASSETCATALOG_COMPILER_APPICON_NAME = ProviderIcon;
				CLANG_ENABLE_MODULES = YES;
				CODE_SIGN_ENTITLEMENTS = Extention/Extention.entitlements;
				CODE_SIGN_STYLE = Automatic;
				CURRENT_PROJECT_VERSION = 1;
				DEVELOPMENT_TEAM = F48MGZ86Q2;
				EMBED_ASSET_PACKS_IN_PRODUCT_BUNDLE = NO;
				ENABLE_HARDENED_RUNTIME = YES;
				GENERATE_INFOPLIST_FILE = YES;
				INFOPLIST_FILE = Extention/Info.plist;
				INFOPLIST_KEY_CFBundleDisplayName = "";
				INFOPLIST_KEY_NSHumanReadableCopyright = "";
				LD_RUNPATH_SEARCH_PATHS = (
					"$(inherited)",
					"@executable_path/../Frameworks",
					"@executable_path/../../../../Frameworks",
				);
				MARKETING_VERSION = 1.0;
				PRODUCT_BUNDLE_IDENTIFIER = cylogic.FileExplorerIPFS.Extention;
				PRODUCT_NAME = "$(TARGET_NAME)";
				SKIP_INSTALL = YES;
				SWIFT_EMIT_LOC_STRINGS = YES;
				SWIFT_VERSION = 5.0;
			};
			name = Release;
		};
		32B2F07D2A6A5DF90060F1EA /* Debug */ = {
			isa = XCBuildConfiguration;
			buildSettings = {
				BUNDLE_LOADER = "$(TEST_HOST)";
				CODE_SIGN_STYLE = Automatic;
				CURRENT_PROJECT_VERSION = 1;
				DEBUG_INFORMATION_FORMAT = dwarf;
				DEVELOPMENT_TEAM = F48MGZ86Q2;
				GENERATE_INFOPLIST_FILE = YES;
				MACOSX_DEPLOYMENT_TARGET = 13.3;
				MARKETING_VERSION = 1.0;
				PRODUCT_BUNDLE_IDENTIFIER = cylogic.FileExplorerIPFSTests;
				PRODUCT_NAME = "$(TARGET_NAME)";
				SWIFT_EMIT_LOC_STRINGS = NO;
				SWIFT_VERSION = 5.0;
				TEST_HOST = "$(BUILT_PRODUCTS_DIR)/Cydrive.app/$(BUNDLE_EXECUTABLE_FOLDER_PATH)/Cydrive";
			};
			name = Debug;
		};
		32B2F07E2A6A5DF90060F1EA /* Release */ = {
			isa = XCBuildConfiguration;
			buildSettings = {
				BUNDLE_LOADER = "$(TEST_HOST)";
				CODE_SIGN_STYLE = Automatic;
				CURRENT_PROJECT_VERSION = 1;
				DEVELOPMENT_TEAM = F48MGZ86Q2;
				GENERATE_INFOPLIST_FILE = YES;
				MACOSX_DEPLOYMENT_TARGET = 13.3;
				MARKETING_VERSION = 1.0;
				PRODUCT_BUNDLE_IDENTIFIER = cylogic.FileExplorerIPFSTests;
				PRODUCT_NAME = "$(TARGET_NAME)";
				SWIFT_EMIT_LOC_STRINGS = NO;
				SWIFT_VERSION = 5.0;
				TEST_HOST = "$(BUILT_PRODUCTS_DIR)/Cydrive.app/$(BUNDLE_EXECUTABLE_FOLDER_PATH)/Cydrive";
			};
			name = Release;
		};
/* End XCBuildConfiguration section */

/* Begin XCConfigurationList section */
		323082502A31032D006A3380 /* Build configuration list for PBXProject "Cydrive" */ = {
			isa = XCConfigurationList;
			buildConfigurations = (
				323082622A31032E006A3380 /* Debug */,
				323082632A31032E006A3380 /* Release */,
			);
			defaultConfigurationIsVisible = 0;
			defaultConfigurationName = Release;
		};
		323082642A31032E006A3380 /* Build configuration list for PBXNativeTarget "Cydrive" */ = {
			isa = XCConfigurationList;
			buildConfigurations = (
				323082652A31032E006A3380 /* Debug */,
				323082662A31032E006A3380 /* Release */,
			);
			defaultConfigurationIsVisible = 0;
			defaultConfigurationName = Release;
		};
		3230827B2A31037E006A3380 /* Build configuration list for PBXNativeTarget "Extention" */ = {
			isa = XCConfigurationList;
			buildConfigurations = (
				3230827C2A31037E006A3380 /* Debug */,
				3230827D2A31037E006A3380 /* Release */,
			);
			defaultConfigurationIsVisible = 0;
			defaultConfigurationName = Release;
		};
		32B2F07C2A6A5DF90060F1EA /* Build configuration list for PBXNativeTarget "CydriveTests" */ = {
			isa = XCConfigurationList;
			buildConfigurations = (
				32B2F07D2A6A5DF90060F1EA /* Debug */,
				32B2F07E2A6A5DF90060F1EA /* Release */,
			);
			defaultConfigurationIsVisible = 0;
			defaultConfigurationName = Release;
		};
/* End XCConfigurationList section */

/* Begin XCSwiftPackageProductDependency section */
		32B2C7352A3C40A8003AD7BA /* ipfs-api */ = {
			isa = XCSwiftPackageProductDependency;
			productName = "ipfs-api";
		};
		32B2C7372A3C41A1003AD7BA /* ipfs-api */ = {
			isa = XCSwiftPackageProductDependency;
			productName = "ipfs-api";
		};
/* End XCSwiftPackageProductDependency section */
	};
	rootObject = 3230824D2A31032D006A3380 /* Project object */;
}
